<?xml version="1.0" encoding="utf-8"?>
<Project ToolsVersion="4.0" xmlns="http://schemas.microsoft.com/developer/msbuild/2003">
  <ItemGroup>
    <ClCompile Include="..\Utils.cpp" />
    <ClCompile Include="main.cpp" />
    <ClCompile Include="PCH.cpp" />
    <ClCompile Include="Systems\UiManager.cpp">
      <Filter>Systems</Filter>
    </ClCompile>
    <ClCompile Include="Systems\DirectX\D3DBase.cpp">
      <Filter>Systems\DirectX</Filter>
    </ClCompile>
    <ClCompile Include="Systems\DirectX\D3DDevice.cpp">
      <Filter>Systems\DirectX</Filter>
    </ClCompile>
    <ClCompile Include="Systems\DirectX\D3DIndexBuffer.cpp">
      <Filter>Systems\DirectX</Filter>
    </ClCompile>
    <ClCompile Include="Systems\DirectX\D3DSurface.cpp">
      <Filter>Systems\DirectX</Filter>
    </ClCompile>
    <ClCompile Include="Systems\DirectX\D3DSwapChain.cpp">
      <Filter>Systems\DirectX</Filter>
    </ClCompile>
    <ClCompile Include="Systems\DirectX\D3DTexture.cpp">
      <Filter>Systems\DirectX</Filter>
    </ClCompile>
    <ClCompile Include="Systems\DirectX\D3DTypes.cpp">
      <Filter>Systems\DirectX</Filter>
    </ClCompile>
    <ClCompile Include="Systems\DirectX\D3DVertexBuffer.cpp">
      <Filter>Systems\DirectX</Filter>
    </ClCompile>
    <ClCompile Include="Systems\DirectX\D3DVolume.cpp">
      <Filter>Systems\DirectX</Filter>
    </ClCompile>
    <ClCompile Include="Systems\DirectX\InterfaceQuery.cpp">
      <Filter>Systems\DirectX</Filter>
    </ClCompile>
    <ClCompile Include="Systems\ImguiComponents\Debug.cpp">
      <Filter>Systems\ImguiComponents</Filter>
    </ClCompile>
    <ClCompile Include="Systems\ChaosTimer.cpp">
      <Filter>Systems</Filter>
    </ClCompile>
    <ClCompile Include="Systems\ImguiComponents\ProgressBar.cpp">
      <Filter>Systems\ImguiComponents</Filter>
    </ClCompile>
    <ClCompile Include="Systems\ImguiComponents\ChaosOptionText.cpp">
      <Filter>Systems\ImguiComponents</Filter>
    </ClCompile>
    <ClCompile Include="Systems\ImGuiHelpers\ImGuiDX9.cpp">
      <Filter>Systems\ImGuiHelpers</Filter>
    </ClCompile>
    <ClCompile Include="Systems\ImGuiHelpers\ImGuiWin32.cpp">
      <Filter>Systems\ImGuiHelpers</Filter>
    </ClCompile>
    <ClCompile Include="Systems\ConfigManager.cpp">
      <Filter>Systems</Filter>
    </ClCompile>
    <ClCompile Include="Effects\MemoryEffect.cpp">
      <Filter>Effects</Filter>
    </ClCompile>
    <ClCompile Include="Systems\ImguiComponents\ActiveEffectsText.cpp">
      <Filter>Systems\ImguiComponents</Filter>
    </ClCompile>
    <ClCompile Include="Systems\EventManager.cpp">
      <Filter>Systems</Filter>
    </ClCompile>
    <ClCompile Include="Systems\CameraController.cpp">
      <Filter>Systems</Filter>
    </ClCompile>
    <ClCompile Include="Systems\HudInterface.cpp">
      <Filter>Systems</Filter>
    </ClCompile>
    <ClCompile Include="Systems\KeyManager.cpp">
      <Filter>Systems</Filter>
    </ClCompile>
    <ClCompile Include="Systems\ImguiComponents\ScrollingCredits.cpp">
      <Filter>Systems\ImguiComponents</Filter>
    </ClCompile>
    <ClCompile Include="Systems\ShipManipulator.cpp">
      <Filter>Systems</Filter>
    </ClCompile>
    <ClCompile Include="Systems\Teleporter.cpp">
      <Filter>Systems</Filter>
    </ClCompile>
    <ClCompile Include="Utilities\SpaceObjectSpawner.cpp">
      <Filter>Utilities</Filter>
    </ClCompile>
    <ClCompile Include="Utilities\PersonalityHelper.cpp">
      <Filter>Utilities</Filter>
    </ClCompile>
    <ClCompile Include="Systems\SystemComponents\TwitchVoting.cpp">
      <Filter>Systems\SystemComponents</Filter>
    </ClCompile>
  </ItemGroup>
  <ItemGroup>
    <ClInclude Include="..\Utils.hpp" />
    <ClInclude Include="PCH.hpp" />
    <ClInclude Include="Systems\UiManager.hpp">
      <Filter>Systems</Filter>
    </ClInclude>
    <ClInclude Include="Systems\DirectX\d3d.hpp">
      <Filter>Systems\DirectX</Filter>
    </ClInclude>
    <ClInclude Include="Systems\DirectX\D3DTypes.hpp">
      <Filter>Systems\DirectX</Filter>
    </ClInclude>
    <ClInclude Include="Systems\DirectX\Drawing.hpp">
      <Filter>Systems\DirectX</Filter>
    </ClInclude>
    <ClInclude Include="Systems\DirectX\InterfaceQuery.hpp">
      <Filter>Systems\DirectX</Filter>
    </ClInclude>
    <ClInclude Include="Systems\ImguiComponents\Debug.hpp">
      <Filter>Systems\ImguiComponents</Filter>
    </ClInclude>
    <ClInclude Include="Systems\ChaosTimer.hpp">
      <Filter>Systems</Filter>
    </ClInclude>
    <ClInclude Include="Systems\ImguiComponents\ProgressBar.hpp">
      <Filter>Systems\ImguiComponents</Filter>
    </ClInclude>
    <ClInclude Include="Systems\ImguiComponents\ChaosOptionText.hpp">
      <Filter>Systems\ImguiComponents</Filter>
    </ClInclude>
    <ClInclude Include="Systems\ImGuiHelpers\ImGuiDX9.hpp">
      <Filter>Systems\ImGuiHelpers</Filter>
    </ClInclude>
    <ClInclude Include="Systems\ImGuiHelpers\ImGuiWin32.hpp">
      <Filter>Systems\ImGuiHelpers</Filter>
    </ClInclude>
    <ClInclude Include="Systems\ConfigManager.hpp">
      <Filter>Systems</Filter>
    </ClInclude>
    <ClInclude Include="Effects\MemoryEffect.hpp">
      <Filter>Effects</Filter>
    </ClInclude>
    <ClInclude Include="Effects\ActiveEffect.hpp">
      <Filter>Effects</Filter>
    </ClInclude>
    <ClInclude Include="Effects\DB\Interface\LGBTUI.hpp">
      <Filter>Effects\DB\Interface</Filter>
    </ClInclude>
    <ClInclude Include="Effects\DB\Audio\BossMusic.hpp">
      <Filter>Effects\DB\Audio</Filter>
    </ClInclude>
    <ClInclude Include="Effects\AddressTable.hpp">
      <Filter>Effects</Filter>
    </ClInclude>
    <ClInclude Include="Systems\ImguiComponents\ActiveEffectsText.hpp">
      <Filter>Systems\ImguiComponents</Filter>
    </ClInclude>
    <ClInclude Include="Effects\DB\Interface\BuggyInterface.hpp">
      <Filter>Effects\DB\Interface</Filter>
    </ClInclude>
    <ClInclude Include="Effects\DB\Audio\AllTheNewsThatsFitForYou.hpp">
      <Filter>Effects\DB\Audio</Filter>
    </ClInclude>
    <ClInclude Include="Effects\DB\Audio\IfTrentHadATextToSpeechDevice.hpp">
      <Filter>Effects\DB\Audio</Filter>
    </ClInclude>
    <ClInclude Include="Effects\DB\StatManipulation\LonniganCameThrough.hpp">
      <Filter>Effects\DB\StatManipulation</Filter>
    </ClInclude>
    <ClInclude Include="Effects\DB\StatManipulation\GetHumbled.hpp">
      <Filter>Effects\DB\StatManipulation</Filter>
    </ClInclude>
    <ClInclude Include="Effects\DB\Meta\DoubleTime.hpp">
      <Filter>Effects\DB\Meta</Filter>
    </ClInclude>
    <ClInclude Include="Effects\DB\Meta\FakeCrash.hpp">
      <Filter>Effects\DB\Meta</Filter>
    </ClInclude>
    <ClInclude Include="Effects\DB\Meta\BoxOfChocolates.hpp">
      <Filter>Effects\DB\Meta</Filter>
    </ClInclude>
    <ClInclude Include="Effects\DB\Meta\DoubleEffectTime.hpp">
      <Filter>Effects\DB\Meta</Filter>
    </ClInclude>
    <ClInclude Include="Utilities\Random.hpp">
      <Filter>Utilities</Filter>
    </ClInclude>
    <ClInclude Include="Effects\DB\StatManipulation\WiffleBats.hpp">
      <Filter>Effects\DB\StatManipulation</Filter>
    </ClInclude>
    <ClInclude Include="Systems\EventManager.hpp">
      <Filter>Systems</Filter>
    </ClInclude>
    <ClInclude Include="Effects\DB\Audio\IDoNotSpeakMorseCode.hpp">
      <Filter>Effects\DB\Audio</Filter>
    </ClInclude>
    <ClInclude Include="Effects\DB\Audio\DodgeThis.hpp">
      <Filter>Effects\DB\Audio</Filter>
    </ClInclude>
    <ClInclude Include="Effects\DB\Interface\NoHud.hpp">
      <Filter>Effects\DB\Interface</Filter>
    </ClInclude>
    <ClInclude Include="Effects\DB\Misc\FlappyArchitecture.hpp">
      <Filter>Effects\DB\Misc</Filter>
    </ClInclude>
    <ClInclude Include="Effects\DB\NPC\Screaming.hpp">
      <Filter>Effects\DB\NPC</Filter>
    </ClInclude>
    <ClInclude Include="Effects\DB\NPC\IAmRobot.hpp">
      <Filter>Effects\DB\NPC</Filter>
    </ClInclude>
    <ClInclude Include="Effects\DB\NPC\PlanetOfTheApes.hpp">
      <Filter>Effects\DB\NPC</Filter>
    </ClInclude>
    <ClInclude Include="Effects\DB\Misc\LaggyPlayer.hpp">
      <Filter>Effects\DB\Misc</Filter>
    </ClInclude>
    <ClInclude Include="Effects\DB\Movement\Yeet.hpp">
      <Filter>Effects\DB\Movement</Filter>
    </ClInclude>
    <ClInclude Include="Effects\DB\Misc\SpectatorMode.hpp">
      <Filter>Effects\DB\Misc</Filter>
    </ClInclude>
    <ClInclude Include="Effects\DB\Misc\SelfDestruct.hpp">
      <Filter>Effects\DB\Misc</Filter>
    </ClInclude>
    <ClInclude Include="Effects\DB\Misc\IAmFirinMaLasers.hpp">
      <Filter>Effects\DB\Misc</Filter>
    </ClInclude>
    <ClInclude Include="Effects\DB\StatManipulation\RandomisedProjectiles.hpp">
      <Filter>Effects\DB\StatManipulation</Filter>
    </ClInclude>
    <ClInclude Include="Effects\DB\StatManipulation\GodMode.hpp">
      <Filter>Effects\DB\StatManipulation</Filter>
    </ClInclude>
    <ClInclude Include="Effects\DB\StatManipulation\Hyperlanes.hpp">
      <Filter>Effects\DB\StatManipulation</Filter>
    </ClInclude>
    <ClInclude Include="Effects\DB\StatManipulation\TryRepairing.hpp">
      <Filter>Effects\DB\StatManipulation</Filter>
    </ClInclude>
    <ClInclude Include="Effects\DB\Movement\YouSpinMeRightRound.hpp">
      <Filter>Effects\DB\Movement</Filter>
    </ClInclude>
    <ClInclude Include="Effects\DB\Misc\CaveatEmptor.hpp">
      <Filter>Effects\DB\Misc</Filter>
    </ClInclude>
    <ClInclude Include="Effects\DB\Visual\QuakeFOV.hpp">
      <Filter>Effects\DB\Visual</Filter>
    </ClInclude>
    <ClInclude Include="Systems\CameraController.hpp">
      <Filter>Systems</Filter>
    </ClInclude>
    <ClInclude Include="Effects\DB\Misc\XboxEdition.hpp">
      <Filter>Effects\DB\Misc</Filter>
    </ClInclude>
    <ClInclude Include="Systems\HudInterface.hpp">
      <Filter>Systems</Filter>
    </ClInclude>
    <ClInclude Include="Systems\HudComponents\Structures.hpp">
      <Filter>Systems\HudComponents</Filter>
    </ClInclude>
    <ClInclude Include="Systems\HudComponents\TButton.hpp">
      <Filter>Systems\HudComponents</Filter>
    </ClInclude>
    <ClInclude Include="Systems\HudComponents\TCycle.hpp">
      <Filter>Systems\HudComponents</Filter>
    </ClInclude>
    <ClInclude Include="Systems\HudComponents\TScroll.hpp">
      <Filter>Systems\HudComponents</Filter>
    </ClInclude>
    <ClInclude Include="Systems\HudComponents\TShip.hpp">
      <Filter>Systems\HudComponents</Filter>
    </ClInclude>
    <ClInclude Include="Systems\HudComponents\TStatic.hpp">
      <Filter>Systems\HudComponents</Filter>
    </ClInclude>
    <ClInclude Include="Systems\HudComponents\TText.hpp">
      <Filter>Systems\HudComponents</Filter>
    </ClInclude>
    <ClInclude Include="Systems\HudComponents\TTextEdit.hpp">
      <Filter>Systems\HudComponents</Filter>
    </ClInclude>
    <ClInclude Include="Systems\HudComponents\TToggle.hpp">
      <Filter>Systems\HudComponents</Filter>
    </ClInclude>
    <ClInclude Include="Systems\HudComponents\TWire.hpp">
      <Filter>Systems\HudComponents</Filter>
    </ClInclude>
    <ClInclude Include="Systems\HudComponents\Interfaces.hpp">
      <Filter>Systems\HudComponents</Filter>
    </ClInclude>
    <ClInclude Include="Effects\DB\Interface\FlippedInterface.hpp">
      <Filter>Effects\DB\Interface</Filter>
    </ClInclude>
    <ClInclude Include="Effects\DB\Interface\StickyKeys.hpp">
      <Filter>Effects\DB\Interface</Filter>
    </ClInclude>
    <ClInclude Include="Utilities\ChatConsole.hpp">
      <Filter>Utilities</Filter>
    </ClInclude>
    <ClInclude Include="Effects\DB\NPC\MultiplayerExperience.hpp">
      <Filter>Effects\DB\NPC</Filter>
    </ClInclude>
    <ClInclude Include="Systems\KeyManager.hpp">
      <Filter>Systems</Filter>
    </ClInclude>
    <ClInclude Include="Effects\DB\Misc\RandomisedKeys.hpp">
      <Filter>Effects\DB\Misc</Filter>
    </ClInclude>
    <ClInclude Include="Effects\DB\Audio\LowBudgetSciFiMovie.hpp">
      <Filter>Effects\DB\Audio</Filter>
    </ClInclude>
    <ClInclude Include="Effects\DB\Movement\IllTrySpinning.hpp">
      <Filter>Effects\DB\Movement</Filter>
    </ClInclude>
    <ClInclude Include="Effects\DB\Movement\InvertVelocity.hpp">
      <Filter>Effects\DB\Movement</Filter>
    </ClInclude>
    <ClInclude Include="Effects\DB\Interface\JustLikeThe90s.hpp">
      <Filter>Effects\DB\Interface</Filter>
    </ClInclude>
    <ClInclude Include="Effects\DB\StatManipulation\CoolantLeak.hpp">
      <Filter>Effects\DB\StatManipulation</Filter>
    </ClInclude>
    <ClInclude Include="Effects\DB\NPC\Wanted.hpp">
      <Filter>Effects\DB\NPC</Filter>
    </ClInclude>
    <ClInclude Include="Effects\DB\NPC\Cardamine.hpp">
      <Filter>Effects\DB\NPC</Filter>
    </ClInclude>
    <ClInclude Include="Effects\DB\NPC\YouAreFamous.hpp">
      <Filter>Effects\DB\NPC</Filter>
    </ClInclude>
    <ClInclude Include="Effects\DB\Visual\Screensaver.hpp">
      <Filter>Effects\DB\Visual</Filter>
    </ClInclude>
    <ClInclude Include="Effects\DB\NPC\XenosAreMyFriendNow.hpp">
      <Filter>Effects\DB\NPC</Filter>
    </ClInclude>
    <ClInclude Include="Effects\DB\NPC\SwissDiplomacy.hpp">
      <Filter>Effects\DB\NPC</Filter>
    </ClInclude>
    <ClInclude Include="Effects\DB\StatManipulation\DemolitionDerby.hpp">
      <Filter>Effects\DB\StatManipulation</Filter>
    </ClInclude>
    <ClInclude Include="Effects\DB\StatManipulation\Zoomies.hpp">
      <Filter>Effects\DB\StatManipulation</Filter>
    </ClInclude>
    <ClInclude Include="Effects\DB\Visual\HomageToElite.hpp">
      <Filter>Effects\DB\Visual</Filter>
    </ClInclude>
    <ClInclude Include="Effects\DB\Visual\PartyLikeIts95.hpp">
      <Filter>Effects\DB\Visual</Filter>
    </ClInclude>
    <ClInclude Include="Effects\DB\Visual\SleepyPlayer.hpp">
      <Filter>Effects\DB\Visual</Filter>
    </ClInclude>
    <ClInclude Include="Effects\DB\Visual\PortraitMode.hpp">
      <Filter>Effects\DB\Visual</Filter>
    </ClInclude>
    <ClInclude Include="Effects\DB\Visual\AllWeKnowIsThatThereWereTwoSides.hpp">
      <Filter>Effects\DB\Visual</Filter>
    </ClInclude>
    <ClInclude Include="Systems\SystemComponents\MoviePlayer.hpp">
      <Filter>Systems\SystemComponents</Filter>
    </ClInclude>
    <ClInclude Include="Systems\ImguiComponents\ScrollingCredits.hpp">
      <Filter>Systems\ImguiComponents</Filter>
    </ClInclude>
    <ClInclude Include="Systems\ShipManipulator.hpp">
      <Filter>Systems</Filter>
    </ClInclude>
    <ClInclude Include="Effects\DB\Interface\RollCredits.hpp">
      <Filter>Effects\DB\Interface</Filter>
    </ClInclude>
    <ClInclude Include="Effects\PersistentEffect.hpp">
      <Filter>Effects</Filter>
    </ClInclude>
    <ClInclude Include="Effects\DB\Audio\SadViolin.hpp">
      <Filter>Effects\DB\Audio</Filter>
    </ClInclude>
    <ClInclude Include="Effects\DB\Movement\PersonalSpace.hpp">
      <Filter>Effects\DB\Movement</Filter>
    </ClInclude>
    <ClInclude Include="Systems\Teleporter.hpp">
      <Filter>Systems</Filter>
    </ClInclude>
    <ClInclude Include="Effects\DB\Teleport\TakeABreak.hpp">
      <Filter>Effects\DB\Teleports</Filter>
    </ClInclude>
    <ClInclude Include="Effects\DB\Teleport\AintThatOneABeauty.hpp">
      <Filter>Effects\DB\Teleports</Filter>
    </ClInclude>
    <ClInclude Include="Effects\DB\Teleport\RandomSystem.hpp">
      <Filter>Effects\DB\Teleports</Filter>
    </ClInclude>
    <ClInclude Include="Effects\DB\Teleport\TheStarsReallyAreBeautiful.hpp">
      <Filter>Effects\DB\Teleports</Filter>
    </ClInclude>
    <ClInclude Include="Effects\DB\Teleport\FakeTeleport.hpp">
      <Filter>Effects\DB\Teleports</Filter>
    </ClInclude>
    <ClInclude Include="Effects\DB\Teleport\UrgenRelativeVisit.hpp">
      <Filter>Effects\DB\Teleports</Filter>
    </ClInclude>
    <ClInclude Include="Effects\DB\NPC\SwiftNPCs.hpp">
      <Filter>Effects\DB\NPC</Filter>
    </ClInclude>
    <ClInclude Include="Effects\DB\Misc\ThanksIHateIt.hpp">
      <Filter>Effects\DB\Misc</Filter>
    </ClInclude>
    <ClInclude Include="Effects\DB\StatManipulation\NeverSayNoToBacta.hpp">
      <Filter>Effects\DB\StatManipulation</Filter>
    </ClInclude>
    <ClInclude Include="Utilities\SpaceObjectSpawner.hpp">
      <Filter>Utilities</Filter>
    </ClInclude>
    <ClInclude Include="Exceptions\NpcLoadingException.hpp">
      <Filter>Exceptions</Filter>
    </ClInclude>
    <ClInclude Include="Utilities\PersonalityHelper.hpp">
      <Filter>Utilities</Filter>
    </ClInclude>
    <ClInclude Include="Effects\DB\Spawning\SpawnBigBertha.hpp">
      <Filter>Effects\DB\Spawning</Filter>
    </ClInclude>
    <ClInclude Include="Effects\DB\Spawning\SpawnJesus.hpp">
      <Filter>Effects\DB\Spawning</Filter>
    </ClInclude>
    <ClInclude Include="Effects\DB\Spawning\SpawnExtremeJesus.hpp">
      <Filter>Effects\DB\Spawning</Filter>
    </ClInclude>
    <ClInclude Include="Effects\DB\Spawning\Hydra.hpp">
      <Filter>Effects\DB\Spawning</Filter>
    </ClInclude>
    <ClInclude Include="Utilities\AssetTracker.hpp">
      <Filter>Utilities</Filter>
    </ClInclude>
    <ClInclude Include="Effects\DB\Visual\RookieBirthdayParty.hpp">
      <Filter>Effects\DB\Visual</Filter>
    </ClInclude>
    <ClInclude Include="Effects\DB\Movement\AssumingDirectControl.hpp">
      <Filter>Effects\DB\Movement</Filter>
    </ClInclude>
    <ClInclude Include="Systems\SystemComponents\SaveManager.hpp">
      <Filter>Systems\SystemComponents</Filter>
    </ClInclude>
    <ClInclude Include="Systems\SystemComponents\TwitchVoting.hpp">
      <Filter>Systems\SystemComponents</Filter>
    </ClInclude>
  </ItemGroup>
  <ItemGroup>
    <Filter Include="Systems">
      <UniqueIdentifier>{14d7e727-45e0-4c59-89f2-1548cfa7e19c}</UniqueIdentifier>
    </Filter>
    <Filter Include="Utilities">
      <UniqueIdentifier>{268bcf29-8428-4b22-a63f-aeec879f8b6a}</UniqueIdentifier>
    </Filter>
    <Filter Include="Systems\DirectX">
      <UniqueIdentifier>{57d48447-4af9-48c3-8e1a-69f0edc54fa8}</UniqueIdentifier>
    </Filter>
    <Filter Include="Systems\ImguiComponents">
      <UniqueIdentifier>{2e0f0a05-95ef-4351-a235-74f65799bbcd}</UniqueIdentifier>
    </Filter>
    <Filter Include="Systems\ImGuiHelpers">
      <UniqueIdentifier>{2650c570-2d3a-41e3-93b5-6a4a6bd3d5ff}</UniqueIdentifier>
    </Filter>
    <Filter Include="Effects">
      <UniqueIdentifier>{2ab2600e-8905-4f25-8cc4-a35f68feef3f}</UniqueIdentifier>
    </Filter>
    <Filter Include="Effects\DB">
      <UniqueIdentifier>{151368a0-7432-4dc4-b205-29e3c2e32be5}</UniqueIdentifier>
    </Filter>
    <Filter Include="Effects\DB\Interface">
      <UniqueIdentifier>{93ec0519-54c9-42e2-8442-8430d25c2da2}</UniqueIdentifier>
    </Filter>
    <Filter Include="Effects\DB\Audio">
      <UniqueIdentifier>{791359b9-a3ac-470d-a77a-781bbc79c459}</UniqueIdentifier>
    </Filter>
    <Filter Include="Effects\DB\StatManipulation">
      <UniqueIdentifier>{ab2171eb-3bb5-4574-bd3d-a0415a28e703}</UniqueIdentifier>
    </Filter>
    <Filter Include="Effects\DB\Movement">
      <UniqueIdentifier>{8f1f57db-7673-48ad-af1f-55ac6e414467}</UniqueIdentifier>
    </Filter>
    <Filter Include="Effects\DB\Meta">
      <UniqueIdentifier>{42da5ebb-c094-4271-a1a8-7be896b93c87}</UniqueIdentifier>
    </Filter>
    <Filter Include="Effects\DB\Misc">
      <UniqueIdentifier>{6e43c5d9-59bc-43b1-87b1-bcb142a468c6}</UniqueIdentifier>
    </Filter>
    <Filter Include="Effects\DB\NPC">
      <UniqueIdentifier>{44a54550-ee5c-42a6-a496-249e623c3d9b}</UniqueIdentifier>
    </Filter>
    <Filter Include="Effects\DB\Visual">
      <UniqueIdentifier>{df6d2e3d-14e8-4391-8c85-a38e586b9727}</UniqueIdentifier>
    </Filter>
    <Filter Include="Systems\HudComponents">
      <UniqueIdentifier>{aac35b1d-4fae-42a8-a1d3-44137701c127}</UniqueIdentifier>
    </Filter>
    <Filter Include="Systems\SystemComponents">
      <UniqueIdentifier>{3dbd9db1-4026-4f53-a078-58f88cdc2c73}</UniqueIdentifier>
    </Filter>
    <Filter Include="Effects\DB\Teleports">
      <UniqueIdentifier>{2dbd0b97-e4cf-4985-b050-fd71617db5cc}</UniqueIdentifier>
    </Filter>
    <Filter Include="Exceptions">
      <UniqueIdentifier>{013ced59-c368-495e-8987-7c5c2c53d2b8}</UniqueIdentifier>
    </Filter>
    <Filter Include="Effects\DB\Spawning">
      <UniqueIdentifier>{3f7dd683-acf2-49e5-a706-ee477341fd76}</UniqueIdentifier>
    </Filter>
  </ItemGroup>
  <ItemGroup>
    <None Include="..\vcpkg.json" />
  </ItemGroup>
</Project>