<?xml version="1.0" encoding="utf-8"?>
<Project ToolsVersion="4.0" xmlns="http://schemas.microsoft.com/developer/msbuild/2003">
  <ItemGroup>
    <ClCompile Include="..\Utils.cpp" />
    <ClCompile Include="main.cpp" />
    <ClCompile Include="PCH.cpp" />
    <ClCompile Include="Systems\UiManager.cpp">
      <Filter>Systems</Filter>
    </ClCompile>
    <ClCompile Include="Systems\DirectX\D3DBase.cpp">
      <Filter>Systems\DirectX</Filter>
    </ClCompile>
    <ClCompile Include="Systems\DirectX\D3DDevice.cpp">
      <Filter>Systems\DirectX</Filter>
    </ClCompile>
    <ClCompile Include="Systems\DirectX\D3DIndexBuffer.cpp">
      <Filter>Systems\DirectX</Filter>
    </ClCompile>
    <ClCompile Include="Systems\DirectX\D3DSurface.cpp">
      <Filter>Systems\DirectX</Filter>
    </ClCompile>
    <ClCompile Include="Systems\DirectX\D3DSwapChain.cpp">
      <Filter>Systems\DirectX</Filter>
    </ClCompile>
    <ClCompile Include="Systems\DirectX\D3DTexture.cpp">
      <Filter>Systems\DirectX</Filter>
    </ClCompile>
    <ClCompile Include="Systems\DirectX\D3DTypes.cpp">
      <Filter>Systems\DirectX</Filter>
    </ClCompile>
    <ClCompile Include="Systems\DirectX\D3DVertexBuffer.cpp">
      <Filter>Systems\DirectX</Filter>
    </ClCompile>
    <ClCompile Include="Systems\DirectX\D3DVolume.cpp">
      <Filter>Systems\DirectX</Filter>
    </ClCompile>
    <ClCompile Include="Systems\DirectX\InterfaceQuery.cpp">
      <Filter>Systems\DirectX</Filter>
    </ClCompile>
    <ClCompile Include="Systems\ChaosTimer.cpp">
      <Filter>Systems</Filter>
    </ClCompile>
    <ClCompile Include="Systems\ImGuiHelpers\ImGuiDX9.cpp">
      <Filter>Systems\ImGuiHelpers</Filter>
    </ClCompile>
    <ClCompile Include="Systems\ImGuiHelpers\ImGuiWin32.cpp">
      <Filter>Systems\ImGuiHelpers</Filter>
    </ClCompile>
    <ClCompile Include="Systems\ConfigManager.cpp">
      <Filter>Systems</Filter>
    </ClCompile>
    <ClCompile Include="Effects\MemoryEffect.cpp">
      <Filter>Effects</Filter>
    </ClCompile>
    <ClCompile Include="Systems\EventManager.cpp">
      <Filter>Systems</Filter>
    </ClCompile>
    <ClCompile Include="Systems\CameraController.cpp">
      <Filter>Systems</Filter>
    </ClCompile>
    <ClCompile Include="Systems\HudInterface.cpp">
      <Filter>Systems</Filter>
    </ClCompile>
    <ClCompile Include="Systems\KeyManager.cpp">
      <Filter>Systems</Filter>
    </ClCompile>
    <ClCompile Include="Systems\ShipManipulator.cpp">
      <Filter>Systems</Filter>
    </ClCompile>
    <ClCompile Include="Systems\Teleporter.cpp">
      <Filter>Systems</Filter>
    </ClCompile>
    <ClCompile Include="Utilities\SpaceObjectSpawner.cpp">
      <Filter>Utilities</Filter>
    </ClCompile>
    <ClCompile Include="Utilities\PersonalityHelper.cpp">
      <Filter>Utilities</Filter>
    </ClCompile>
    <ClCompile Include="Systems\SystemComponents\TwitchVoting.cpp">
      <Filter>Systems\SystemComponents</Filter>
    </ClCompile>
    <ClCompile Include="Systems\GameEvents\OnHit.cpp">
      <Filter>Systems\GameEvents</Filter>
    </ClCompile>
    <ClCompile Include="Systems\ReshadeManager.cpp">
      <Filter>Systems</Filter>
    </ClCompile>
    <ClCompile Include="..\vendor\imgui\imgui.cpp">
      <Filter>Vendor\ImGui</Filter>
    </ClCompile>
    <ClCompile Include="..\vendor\imgui\imgui_demo.cpp">
      <Filter>Vendor\ImGui</Filter>
    </ClCompile>
    <ClCompile Include="..\vendor\imgui\imgui_draw.cpp">
      <Filter>Vendor\ImGui</Filter>
    </ClCompile>
    <ClCompile Include="..\vendor\imgui\imgui_tables.cpp">
      <Filter>Vendor\ImGui</Filter>
    </ClCompile>
    <ClCompile Include="..\vendor\imgui\imgui_widgets.cpp">
      <Filter>Vendor\ImGui</Filter>
    </ClCompile>
    <ClCompile Include="Effects\DB\Movement\AssumingDirectControl.cpp">
      <Filter>Effects\DB\Movement</Filter>
    </ClCompile>
    <ClCompile Include="Effects\DB\Movement\PersonalSpace.cpp">
      <Filter>Effects\DB\Misc</Filter>
    </ClCompile>
    <ClCompile Include="Effects\DB\Visual\Nightvision.cpp">
      <Filter>Effects\DB\Visual</Filter>
    </ClCompile>
    <ClCompile Include="Effects\DB\Visual\RookieBirthdayParty.cpp">
      <Filter>Effects\DB\Visual</Filter>
    </ClCompile>
    <ClCompile Include="Effects\DB\Audio\SadViolin.cpp">
      <Filter>Effects\DB\Audio</Filter>
    </ClCompile>
    <ClCompile Include="Effects\DB\Visual\CRT.cpp">
      <Filter>Effects\DB\Visual</Filter>
    </ClCompile>
    <ClCompile Include="Effects\DB\Visual\Pong.cpp">
      <Filter>Effects\DB\Visual</Filter>
    </ClCompile>
    <ClCompile Include="Effects\DB\Visual\Drunk Flying.cpp">
      <Filter>Effects\DB\Visual</Filter>
    </ClCompile>
    <ClCompile Include="Effects\DB\Visual\ReadingGlasses.cpp">
      <Filter>Effects\DB\Visual</Filter>
    </ClCompile>
    <ClCompile Include="Effects\DB\Visual\FilmGrain.cpp">
      <Filter>Effects\DB\Visual</Filter>
    </ClCompile>
    <ClCompile Include="Effects\DB\Visual\JPEG.cpp">
      <Filter>Effects\DB\Visual</Filter>
    </ClCompile>
    <ClCompile Include="Effects\DB\Visual\LANoire.cpp">
      <Filter>Effects\DB\Visual</Filter>
    </ClCompile>
    <ClCompile Include="Effects\DB\Visual\TurnTurtle.cpp">
      <Filter>Effects\DB\Visual</Filter>
    </ClCompile>
    <ClCompile Include="Effects\DB\Visual\CinematicMode.cpp">
      <Filter>Effects\DB\Visual</Filter>
    </ClCompile>
    <ClCompile Include="Systems\GameEvents\OnSound.cpp">
      <Filter>Systems\GameEvents</Filter>
    </ClCompile>
    <ClCompile Include="Effects\DB\Interface\SprechenSieDeutsch.cpp">
      <Filter>Effects\DB\Interface</Filter>
    </ClCompile>
    <ClCompile Include="Systems\PatchNotes\PatchNotes.cpp">
      <Filter>Systems\PatchNotes</Filter>
    </ClCompile>
    <ClCompile Include="Systems\ImguiComponents\ImGuiManager.cpp">
      <Filter>Systems\ImguiComponents</Filter>
    </ClCompile>
    <ClCompile Include="Systems\PatchNotes\CurrencyChange.cpp">
      <Filter>Systems\PatchNotes</Filter>
    </ClCompile>
    <ClCompile Include="Effects\DB\Interface\SoKawaii.cpp">
      <Filter>Effects\DB\Interface</Filter>
    </ClCompile>
    <ClCompile Include="Effects\DB\Audio\WhosThatRinging.cpp">
      <Filter>Effects\DB\Audio</Filter>
    </ClCompile>
    <ClCompile Include="Effects\DB\Meta\EmergencyHotfix.cpp">
      <Filter>Effects\DB\Meta</Filter>
    </ClCompile>
    <ClCompile Include="Systems\SystemComponents\ShipInfocardOverride.cpp">
      <Filter>Systems\SystemComponents</Filter>
    </ClCompile>
    <ClCompile Include="Effects\DB\Spawning\MonsterCloset.cpp">
      <Filter>Effects\DB\Spawning</Filter>
    </ClCompile>
    <ClCompile Include="Systems\SystemComponents\miniaudio.c">
      <Filter>Systems\SystemComponents</Filter>
    </ClCompile>
    <ClCompile Include="Effects\DB\Audio\AsmrRainSoundsForSleeping.cpp">
      <Filter>Effects\DB\Audio</Filter>
    </ClCompile>
  </ItemGroup>
  <ItemGroup>
    <ClInclude Include="..\Utils.hpp" />
    <ClInclude Include="PCH.hpp" />
    <ClInclude Include="Systems\UiManager.hpp">
      <Filter>Systems</Filter>
    </ClInclude>
    <ClInclude Include="Systems\DirectX\d3d.hpp">
      <Filter>Systems\DirectX</Filter>
    </ClInclude>
    <ClInclude Include="Systems\DirectX\D3DTypes.hpp">
      <Filter>Systems\DirectX</Filter>
    </ClInclude>
    <ClInclude Include="Systems\DirectX\Drawing.hpp">
      <Filter>Systems\DirectX</Filter>
    </ClInclude>
    <ClInclude Include="Systems\DirectX\InterfaceQuery.hpp">
      <Filter>Systems\DirectX</Filter>
    </ClInclude>
    <ClInclude Include="Systems\ImguiComponents\Debug.hpp">
      <Filter>Systems\ImguiComponents</Filter>
    </ClInclude>
    <ClInclude Include="Systems\ChaosTimer.hpp">
      <Filter>Systems</Filter>
    </ClInclude>
    <ClInclude Include="Systems\ImguiComponents\ProgressBar.hpp">
      <Filter>Systems\ImguiComponents</Filter>
    </ClInclude>
    <ClInclude Include="Systems\ImguiComponents\ChaosOptionText.hpp">
      <Filter>Systems\ImguiComponents</Filter>
    </ClInclude>
    <ClInclude Include="Systems\ImGuiHelpers\ImGuiDX9.hpp">
      <Filter>Systems\ImGuiHelpers</Filter>
    </ClInclude>
    <ClInclude Include="Systems\ImGuiHelpers\ImGuiWin32.hpp">
      <Filter>Systems\ImGuiHelpers</Filter>
    </ClInclude>
    <ClInclude Include="Systems\ConfigManager.hpp">
      <Filter>Systems</Filter>
    </ClInclude>
    <ClInclude Include="Effects\MemoryEffect.hpp">
      <Filter>Effects</Filter>
    </ClInclude>
    <ClInclude Include="Effects\ActiveEffect.hpp">
      <Filter>Effects</Filter>
    </ClInclude>
    <ClCompile Include="Effects\DB\Interface\LGBTUI.cpp">
      <Filter>Effects\DB\Interface</Filter>
    </ClCompile>
    <ClCompile Include="Effects\DB\Audio\BossMusic.cpp">
      <Filter>Effects\DB\Audio</Filter>
    </ClCompile>
    <ClInclude Include="Effects\AddressTable.hpp">
      <Filter>Effects</Filter>
    </ClInclude>
    <ClInclude Include="Systems\ImguiComponents\ActiveEffectsText.hpp">
      <Filter>Systems\ImguiComponents</Filter>
    </ClInclude>
    <ClCompile Include="Effects\DB\Interface\BuggyInterface.cpp">
      <Filter>Effects\DB\Interface</Filter>
    </ClCompile>
    <ClCompile Include="Effects\DB\Audio\AllTheNewsThatsFitForYou.cpp">
      <Filter>Effects\DB\Audio</Filter>
    </ClCompile>
    <ClCompile Include="Effects\DB\Audio\IfTrentHadATextToSpeechDevice.cpp">
      <Filter>Effects\DB\Audio</Filter>
    </ClCompile>
    <ClCompile Include="Effects\DB\StatManipulation\LonniganCameThrough.cpp">
      <Filter>Effects\DB\StatManipulation</Filter>
    </ClCompile>
    <ClCompile Include="Effects\DB\StatManipulation\GetHumbled.cpp">
      <Filter>Effects\DB\StatManipulation</Filter>
    </ClCompile>
    <ClCompile Include="Effects\DB\Meta\DoubleTime.cpp">
      <Filter>Effects\DB\Meta</Filter>
    </ClCompile>
    <ClCompile Include="Effects\DB\Meta\FakeCrash.cpp">
      <Filter>Effects\DB\Meta</Filter>
    </ClCompile>
    <ClCompile Include="Effects\DB\Meta\BoxOfChocolates.cpp">
      <Filter>Effects\DB\Meta</Filter>
    </ClCompile>
    <ClCompile Include="Effects\DB\Meta\DoubleEffectTime.cpp">
      <Filter>Effects\DB\Meta</Filter>
    </ClCompile>
    <ClInclude Include="Utilities\Random.hpp">
      <Filter>Utilities</Filter>
    </ClInclude>
    <ClCompile Include="Effects\DB\StatManipulation\WiffleBats.cpp">
      <Filter>Effects\DB\StatManipulation</Filter>
    </ClCompile>
    <ClInclude Include="Systems\EventManager.hpp">
      <Filter>Systems</Filter>
    </ClInclude>
    <ClCompile Include="Effects\DB\Audio\IDoNotSpeakMorseCode.cpp">
      <Filter>Effects\DB\Audio</Filter>
    </ClCompile>
    <ClCompile Include="Effects\DB\Audio\DodgeThis.cpp">
      <Filter>Effects\DB\Audio</Filter>
    </ClCompile>
    <ClCompile Include="Effects\DB\Interface\NoHud.cpp">
      <Filter>Effects\DB\Interface</Filter>
    </ClCompile>
    <ClCompile Include="Effects\DB\Misc\FlappyArchitecture.cpp">
      <Filter>Effects\DB\Misc</Filter>
    </ClCompile>
    <ClCompile Include="Effects\DB\NPC\Screaming.cpp">
      <Filter>Effects\DB\NPC</Filter>
    </ClCompile>
    <ClCompile Include="Effects\DB\NPC\IAmRobot.cpp">
      <Filter>Effects\DB\NPC</Filter>
    </ClCompile>
    <ClCompile Include="Effects\DB\NPC\PlanetOfTheApes.cpp">
      <Filter>Effects\DB\NPC</Filter>
    </ClCompile>
    <ClCompile Include="Effects\DB\Misc\LaggyPlayer.cpp">
      <Filter>Effects\DB\Misc</Filter>
    </ClCompile>
    <ClCompile Include="Effects\DB\Movement\Yeet.cpp">
      <Filter>Effects\DB\Movement</Filter>
    </ClCompile>
    <ClCompile Include="Effects\DB\Misc\SpectatorMode.cpp">
      <Filter>Effects\DB\Misc</Filter>
    </ClCompile>
    <ClCompile Include="Effects\DB\Misc\SelfDestruct.cpp">
      <Filter>Effects\DB\Misc</Filter>
    </ClCompile>
    <ClCompile Include="Effects\DB\Misc\IAmFirinMaLasers.cpp">
      <Filter>Effects\DB\Misc</Filter>
    </ClCompile>
    <ClCompile Include="Effects\DB\StatManipulation\RandomisedProjectiles.cpp">
      <Filter>Effects\DB\StatManipulation</Filter>
    </ClCompile>
    <ClCompile Include="Effects\DB\StatManipulation\GodMode.cpp">
      <Filter>Effects\DB\StatManipulation</Filter>
    </ClCompile>
    <ClCompile Include="Effects\DB\StatManipulation\Hyperlanes.cpp">
      <Filter>Effects\DB\StatManipulation</Filter>
    </ClCompile>
    <ClCompile Include="Effects\DB\StatManipulation\TryRepairing.cpp">
      <Filter>Effects\DB\StatManipulation</Filter>
    </ClCompile>
    <ClCompile Include="Effects\DB\Misc\CaveatEmptor.cpp">
      <Filter>Effects\DB\Misc</Filter>
    </ClCompile>
    <ClCompile Include="Effects\DB\Visual\QuakeFOV.cpp">
      <Filter>Effects\DB\Visual</Filter>
    </ClCompile>
    <ClInclude Include="Systems\CameraController.hpp">
      <Filter>Systems</Filter>
    </ClInclude>
    <ClCompile Include="Effects\DB\Misc\XboxEdition.cpp">
      <Filter>Effects\DB\Misc</Filter>
    </ClCompile>
    <ClInclude Include="Systems\HudInterface.hpp">
      <Filter>Systems</Filter>
    </ClInclude>
    <ClInclude Include="Systems\HudComponents\Structures.hpp">
      <Filter>Systems\HudComponents</Filter>
    </ClInclude>
    <ClInclude Include="Systems\HudComponents\TButton.hpp">
      <Filter>Systems\HudComponents</Filter>
    </ClInclude>
    <ClInclude Include="Systems\HudComponents\TCycle.hpp">
      <Filter>Systems\HudComponents</Filter>
    </ClInclude>
    <ClInclude Include="Systems\HudComponents\TScroll.hpp">
      <Filter>Systems\HudComponents</Filter>
    </ClInclude>
    <ClInclude Include="Systems\HudComponents\TShip.hpp">
      <Filter>Systems\HudComponents</Filter>
    </ClInclude>
    <ClInclude Include="Systems\HudComponents\TStatic.hpp">
      <Filter>Systems\HudComponents</Filter>
    </ClInclude>
    <ClInclude Include="Systems\HudComponents\TText.hpp">
      <Filter>Systems\HudComponents</Filter>
    </ClInclude>
    <ClInclude Include="Systems\HudComponents\TTextEdit.hpp">
      <Filter>Systems\HudComponents</Filter>
    </ClInclude>
    <ClInclude Include="Systems\HudComponents\TToggle.hpp">
      <Filter>Systems\HudComponents</Filter>
    </ClInclude>
    <ClInclude Include="Systems\HudComponents\TWire.hpp">
      <Filter>Systems\HudComponents</Filter>
    </ClInclude>
    <ClInclude Include="Systems\HudComponents\Interfaces.hpp">
      <Filter>Systems\HudComponents</Filter>
    </ClInclude>
    <ClCompile Include="Effects\DB\Interface\FlippedInterface.cpp">
      <Filter>Effects\DB\Interface</Filter>
    </ClCompile>
    <ClCompile Include="Effects\DB\Interface\StickyKeys.cpp">
      <Filter>Effects\DB\Interface</Filter>
    </ClCompile>
    <ClInclude Include="Utilities\ChatConsole.hpp">
      <Filter>Utilities</Filter>
    </ClInclude>
    <ClCompile Include="Effects\DB\NPC\MultiplayerExperience.cpp">
      <Filter>Effects\DB\NPC</Filter>
    </ClCompile>
    <ClInclude Include="Systems\KeyManager.hpp">
      <Filter>Systems</Filter>
    </ClInclude>
    <ClCompile Include="Effects\DB\Audio\LowBudgetSciFiMovie.cpp">
      <Filter>Effects\DB\Audio</Filter>
    </ClCompile>
    <ClCompile Include="Effects\DB\Movement\IllTrySpinning.cpp">
      <Filter>Effects\DB\Movement</Filter>
    </ClCompile>
    <ClCompile Include="Effects\DB\Movement\InvertVelocity.cpp">
      <Filter>Effects\DB\Movement</Filter>
    </ClCompile>
    <ClCompile Include="Effects\DB\Interface\JustLikeThe90s.cpp">
      <Filter>Effects\DB\Interface</Filter>
    </ClCompile>
    <ClCompile Include="Effects\DB\StatManipulation\CoolantLeak.cpp">
      <Filter>Effects\DB\StatManipulation</Filter>
    </ClCompile>
    <ClCompile Include="Effects\DB\NPC\Wanted.cpp">
      <Filter>Effects\DB\NPC</Filter>
    </ClCompile>
    <ClCompile Include="Effects\DB\NPC\Cardamine.cpp">
      <Filter>Effects\DB\NPC</Filter>
    </ClCompile>
    <ClCompile Include="Effects\DB\NPC\YouAreFamous.cpp">
      <Filter>Effects\DB\NPC</Filter>
    </ClCompile>
    <ClCompile Include="Effects\DB\Visual\Screensaver.cpp">
      <Filter>Effects\DB\Visual</Filter>
    </ClCompile>
    <ClCompile Include="Effects\DB\NPC\XenosAreMyFriendNow.cpp">
      <Filter>Effects\DB\NPC</Filter>
    </ClCompile>
    <ClCompile Include="Effects\DB\NPC\SwissDiplomacy.cpp">
      <Filter>Effects\DB\NPC</Filter>
    </ClCompile>
    <ClCompile Include="Effects\DB\StatManipulation\DemolitionDerby.cpp">
      <Filter>Effects\DB\StatManipulation</Filter>
    </ClCompile>
    <ClCompile Include="Effects\DB\StatManipulation\Zoomies.cpp">
      <Filter>Effects\DB\StatManipulation</Filter>
    </ClCompile>
    <ClCompile Include="Effects\DB\Visual\HomageToElite.cpp">
      <Filter>Effects\DB\Visual</Filter>
    </ClCompile>
    <ClCompile Include="Effects\DB\Visual\PartyLikeIts95.cpp">
      <Filter>Effects\DB\Visual</Filter>
    </ClCompile>
    <ClCompile Include="Effects\DB\Visual\SleepyPlayer.cpp">
      <Filter>Effects\DB\Visual</Filter>
    </ClCompile>
    <ClCompile Include="Effects\DB\Visual\PortraitMode.cpp">
      <Filter>Effects\DB\Visual</Filter>
    </ClCompile>
    <ClCompile Include="Effects\DB\Visual\AllWeKnowIsThatThereWereTwoSides.cpp">
      <Filter>Effects\DB\Visual</Filter>
    </ClCompile>
    <ClInclude Include="Systems\SystemComponents\MoviePlayer.hpp">
      <Filter>Systems\SystemComponents</Filter>
    </ClInclude>
    <ClInclude Include="Systems\ImguiComponents\ScrollingCredits.hpp">
      <Filter>Systems\ImguiComponents</Filter>
    </ClInclude>
    <ClInclude Include="Systems\ShipManipulator.hpp">
      <Filter>Systems</Filter>
    </ClInclude>
    <ClCompile Include="Effects\DB\Interface\RollCredits.cpp">
      <Filter>Effects\DB\Interface</Filter>
    </ClCompile>
    <ClInclude Include="Effects\PersistentEffect.hpp">
      <Filter>Effects</Filter>
    </ClInclude>
    <ClInclude Include="Systems\Teleporter.hpp">
      <Filter>Systems</Filter>
    </ClInclude>
    <ClCompile Include="Effects\DB\Teleport\TakeABreak.cpp">
      <Filter>Effects\DB\Teleports</Filter>
    </ClCompile>
    <ClCompile Include="Effects\DB\Teleport\AintThatOneABeauty.cpp">
      <Filter>Effects\DB\Teleports</Filter>
    </ClCompile>
    <ClCompile Include="Effects\DB\Teleport\RandomSystem.cpp">
      <Filter>Effects\DB\Teleports</Filter>
    </ClCompile>
    <ClCompile Include="Effects\DB\Teleport\TheStarsReallyAreBeautiful.cpp">
      <Filter>Effects\DB\Teleports</Filter>
    </ClCompile>
    <ClCompile Include="Effects\DB\Teleport\FakeTeleport.cpp">
      <Filter>Effects\DB\Teleports</Filter>
    </ClCompile>
    <ClCompile Include="Effects\DB\Teleport\UrgentRelativeVisit.cpp">
      <Filter>Effects\DB\Teleports</Filter>
    </ClCompile>
    <ClCompile Include="Effects\DB\NPC\SwiftNPCs.cpp">
      <Filter>Effects\DB\NPC</Filter>
    </ClCompile>
    <ClCompile Include="Effects\DB\Misc\ThanksIHateIt.cpp">
      <Filter>Effects\DB\Misc</Filter>
    </ClCompile>
    <ClCompile Include="Effects\DB\StatManipulation\NeverSayNoToBacta.cpp">
      <Filter>Effects\DB\StatManipulation</Filter>
    </ClCompile>
    <ClInclude Include="Utilities\SpaceObjectSpawner.hpp">
      <Filter>Utilities</Filter>
    </ClInclude>
    <ClInclude Include="Exceptions\NpcLoadingException.hpp">
      <Filter>Exceptions</Filter>
    </ClInclude>
    <ClInclude Include="Utilities\PersonalityHelper.hpp">
      <Filter>Utilities</Filter>
    </ClInclude>
    <ClCompile Include="Effects\DB\Spawning\SpawnBigBertha.cpp">
      <Filter>Effects\DB\Spawning</Filter>
    </ClCompile>
    <ClCompile Include="Effects\DB\Spawning\SpawnJesus.cpp">
      <Filter>Effects\DB\Spawning</Filter>
    </ClCompile>
    <ClCompile Include="Effects\DB\Spawning\SpawnExtremeJesus.cpp">
      <Filter>Effects\DB\Spawning</Filter>
    </ClCompile>
    <ClCompile Include="Effects\DB\Spawning\Hydra.cpp">
      <Filter>Effects\DB\Spawning</Filter>
    </ClCompile>
    <ClInclude Include="Utilities\AssetTracker.hpp">
      <Filter>Utilities</Filter>
    </ClInclude>
    <ClInclude Include="Systems\SystemComponents\SaveManager.hpp">
      <Filter>Systems\SystemComponents</Filter>
    </ClInclude>
    <ClInclude Include="Systems\SystemComponents\TwitchVoting.hpp">
      <Filter>Systems\SystemComponents</Filter>
    </ClInclude>
    <ClInclude Include="resource.h" />
    <ClCompile Include="Effects\DB\NPC\Pacifist.cpp">
      <Filter>Effects\DB\NPC</Filter>
    </ClCompile>
    <ClInclude Include="..\vendor\flhook-sdk\include\FLCore\FLCoreCommon.h">
      <Filter>SDK</Filter>
    </ClInclude>
    <ClInclude Include="..\vendor\flhook-sdk\include\FLCore\FLCoreDefs.h">
      <Filter>SDK</Filter>
    </ClInclude>
    <ClInclude Include="..\vendor\flhook-sdk\include\FLCore\FLCoreRemoteClient.h">
      <Filter>SDK</Filter>
    </ClInclude>
    <ClInclude Include="Systems\GameEvents\OnHit.hpp">
      <Filter>Systems\GameEvents</Filter>
    </ClInclude>
    <ClCompile Include="Effects\DB\StatManipulation\DoubleDamage.cpp">
      <Filter>Effects\DB\StatManipulation</Filter>
    </ClCompile>
    <ClCompile Include="Effects\DB\Spawning\JellyTime.cpp">
      <Filter>Effects\DB\Spawning</Filter>
    </ClCompile>
    <ClCompile Include="Effects\DB\Spawning\YouThinkYourSafe.cpp">
      <Filter>Effects\DB\Spawning</Filter>
    </ClCompile>
    <ClInclude Include="Systems\SystemComponents\GlobalTimers.hpp">
      <Filter>Systems\SystemComponents</Filter>
    </ClInclude>
    <ClCompile Include="Effects\DB\Misc\DrunkShopping.cpp">
      <Filter>Effects\DB\Misc</Filter>
    </ClCompile>
    <ClCompile Include="Effects\DB\Visual\WideBoi.cpp">
      <Filter>Effects\DB\Visual</Filter>
    </ClCompile>
    <ClInclude Include="Utilities\Constants.hpp">
      <Filter>Utilities</Filter>
    </ClInclude>
    <ClInclude Include="Systems\ReshadeManager.hpp">
      <Filter>Systems</Filter>
    </ClInclude>
    <ClInclude Include="..\vendor\imgui\imconfig.h">
      <Filter>Vendor\ImGui</Filter>
    </ClInclude>
    <ClInclude Include="..\vendor\imgui\imgui.h">
      <Filter>Vendor\ImGui</Filter>
    </ClInclude>
    <ClInclude Include="..\vendor\imgui\imgui_internal.h">
      <Filter>Vendor\ImGui</Filter>
    </ClInclude>
    <ClInclude Include="..\vendor\imgui\imstb_rectpack.h">
      <Filter>Vendor\ImGui</Filter>
    </ClInclude>
    <ClInclude Include="..\vendor\imgui\imstb_textedit.h">
      <Filter>Vendor\ImGui</Filter>
    </ClInclude>
    <ClInclude Include="..\vendor\imgui\imstb_truetype.h">
      <Filter>Vendor\ImGui</Filter>
    </ClInclude>
    <ClInclude Include="Systems\ImguiComponents\EffectToggler.hpp">
      <Filter>Systems\ImguiComponents</Filter>
    </ClInclude>
    <ClInclude Include="Systems\GameEvents\OnSound.hpp">
      <Filter>Systems\GameEvents</Filter>
    </ClInclude>
    <ClInclude Include="Systems\PatchNotes\PatchNotes.hpp">
      <Filter>Systems\PatchNotes</Filter>
    </ClInclude>
    <ClInclude Include="Systems\PatchNotes\Patch.hpp">
      <Filter>Systems\PatchNotes</Filter>
    </ClInclude>
    <ClInclude Include="Systems\PatchNotes\Changes.hpp">
      <Filter>Systems\PatchNotes</Filter>
    </ClInclude>
    <ClInclude Include="Systems\ImguiComponents\ImGuiManager.hpp">
      <Filter>Systems\ImguiComponents</Filter>
    </ClInclude>
    <ClInclude Include="Systems\ImguiComponents\Configurator.hpp">
      <Filter>Systems\ImguiComponents</Filter>
    </ClInclude>
    <ClInclude Include="Systems\ImguiComponents\EffectSelector.hpp">
      <Filter>Systems\ImguiComponents</Filter>
    </ClInclude>
    <ClInclude Include="Systems\ImguiComponents\PatchNotesWindow.hpp">
      <Filter>Systems\ImguiComponents</Filter>
    </ClInclude>
    <ClInclude Include="Utilities\OffsetHelper.hpp">
      <Filter>Utilities</Filter>
    </ClInclude>
    <ClInclude Include="Systems\SystemComponents\ShipInfocardOverride.hpp">
      <Filter>Systems\SystemComponents</Filter>
    </ClInclude>
  </ItemGroup>
  <ItemGroup>
    <Filter Include="Systems">
      <UniqueIdentifier>{14d7e727-45e0-4c59-89f2-1548cfa7e19c}</UniqueIdentifier>
    </Filter>
    <Filter Include="Utilities">
      <UniqueIdentifier>{268bcf29-8428-4b22-a63f-aeec879f8b6a}</UniqueIdentifier>
    </Filter>
    <Filter Include="Systems\DirectX">
      <UniqueIdentifier>{57d48447-4af9-48c3-8e1a-69f0edc54fa8}</UniqueIdentifier>
    </Filter>
    <Filter Include="Systems\ImguiComponents">
      <UniqueIdentifier>{2e0f0a05-95ef-4351-a235-74f65799bbcd}</UniqueIdentifier>
    </Filter>
    <Filter Include="Systems\ImGuiHelpers">
      <UniqueIdentifier>{2650c570-2d3a-41e3-93b5-6a4a6bd3d5ff}</UniqueIdentifier>
    </Filter>
    <Filter Include="Effects">
      <UniqueIdentifier>{2ab2600e-8905-4f25-8cc4-a35f68feef3f}</UniqueIdentifier>
    </Filter>
    <Filter Include="Effects\DB">
      <UniqueIdentifier>{151368a0-7432-4dc4-b205-29e3c2e32be5}</UniqueIdentifier>
    </Filter>
    <Filter Include="Effects\DB\Interface">
      <UniqueIdentifier>{93ec0519-54c9-42e2-8442-8430d25c2da2}</UniqueIdentifier>
    </Filter>
    <Filter Include="Effects\DB\Audio">
      <UniqueIdentifier>{791359b9-a3ac-470d-a77a-781bbc79c459}</UniqueIdentifier>
    </Filter>
    <Filter Include="Effects\DB\StatManipulation">
      <UniqueIdentifier>{ab2171eb-3bb5-4574-bd3d-a0415a28e703}</UniqueIdentifier>
    </Filter>
    <Filter Include="Effects\DB\Movement">
      <UniqueIdentifier>{8f1f57db-7673-48ad-af1f-55ac6e414467}</UniqueIdentifier>
    </Filter>
    <Filter Include="Effects\DB\Meta">
      <UniqueIdentifier>{42da5ebb-c094-4271-a1a8-7be896b93c87}</UniqueIdentifier>
    </Filter>
    <Filter Include="Effects\DB\Misc">
      <UniqueIdentifier>{6e43c5d9-59bc-43b1-87b1-bcb142a468c6}</UniqueIdentifier>
    </Filter>
    <Filter Include="Effects\DB\NPC">
      <UniqueIdentifier>{44a54550-ee5c-42a6-a496-249e623c3d9b}</UniqueIdentifier>
    </Filter>
    <Filter Include="Effects\DB\Visual">
      <UniqueIdentifier>{df6d2e3d-14e8-4391-8c85-a38e586b9727}</UniqueIdentifier>
    </Filter>
    <Filter Include="Systems\HudComponents">
      <UniqueIdentifier>{aac35b1d-4fae-42a8-a1d3-44137701c127}</UniqueIdentifier>
    </Filter>
    <Filter Include="Systems\SystemComponents">
      <UniqueIdentifier>{3dbd9db1-4026-4f53-a078-58f88cdc2c73}</UniqueIdentifier>
    </Filter>
    <Filter Include="Effects\DB\Teleports">
      <UniqueIdentifier>{2dbd0b97-e4cf-4985-b050-fd71617db5cc}</UniqueIdentifier>
    </Filter>
    <Filter Include="Exceptions">
      <UniqueIdentifier>{013ced59-c368-495e-8987-7c5c2c53d2b8}</UniqueIdentifier>
    </Filter>
    <Filter Include="Effects\DB\Spawning">
      <UniqueIdentifier>{3f7dd683-acf2-49e5-a706-ee477341fd76}</UniqueIdentifier>
    </Filter>
    <Filter Include="SDK">
      <UniqueIdentifier>{05f6c393-73cd-4869-97c4-fe7c34888ad9}</UniqueIdentifier>
    </Filter>
    <Filter Include="Systems\GameEvents">
      <UniqueIdentifier>{64321808-476d-4cd8-8abb-2457c202ef92}</UniqueIdentifier>
    </Filter>
    <Filter Include="Vendor">
      <UniqueIdentifier>{8c4412ea-8d0a-4bba-92d4-f6219c06f9fe}</UniqueIdentifier>
    </Filter>
    <Filter Include="Vendor\ImGui">
      <UniqueIdentifier>{1c62b564-5150-4818-804a-10025f391b5f}</UniqueIdentifier>
    </Filter>
    <Filter Include="Systems\PatchNotes">
      <UniqueIdentifier>{e6ec4d0d-bab2-42c4-9605-3f0468bc1596}</UniqueIdentifier>
    </Filter>
  </ItemGroup>
  <ItemGroup>
    <None Include="..\vcpkg.json" />
  </ItemGroup>
  <ItemGroup>
    <ResourceCompile Include="Resources.rc" />
  </ItemGroup>
</Project>